
Microsoft Visual Studio Solution File, Format Version 12.00
# Visual Studio 15
VisualStudioVersion = 15.0.27703.2042
MinimumVisualStudioVersion = 10.0.40219.1
Project("{8BC9CEB8-8B4A-11D0-8D11-00A0C91BC942}") = "RnNoise", "RnNoise.vcxproj", "{4BBA5AB5-DC22-4670-B3C2-92052561B061}"
EndProject
Project("{8BC9CEB8-8B4A-11D0-8D11-00A0C91BC942}") = "RnNoiseClr", "..\RnNoiseClr\RnNoiseClr.vcxproj", "{3AA57894-5486-4C57-A0EE-385443328018}"
EndProject
Global
	GlobalSection(SolutionConfigurationPlatforms) = preSolution
		Debug|x64 = Debug|x64
		Debug|x86 = Debug|x86
		Release|x64 = Release|x64
		Release|x86 = Release|x86
	EndGlobalSection
	GlobalSection(ProjectConfigurationPlatforms) = postSolution
		{4BBA5AB5-DC22-4670-B3C2-92052561B061}.Debug|x64.ActiveCfg = Debug|x64
		{4BBA5AB5-DC22-4670-B3C2-92052561B061}.Debug|x64.Build.0 = Debug|x64
		{4BBA5AB5-DC22-4670-B3C2-92052561B061}.Debug|x86.ActiveCfg = Debug|Win32
		{4BBA5AB5-DC22-4670-B3C2-92052561B061}.Debug|x86.Build.0 = Debug|Win32
		{4BBA5AB5-DC22-4670-B3C2-92052561B061}.Release|x64.ActiveCfg = Release|x64
		{4BBA5AB5-DC22-4670-B3C2-92052561B061}.Release|x64.Build.0 = Release|x64
		{4BBA5AB5-DC22-4670-B3C2-92052561B061}.Release|x86.ActiveCfg = Release|Win32
		{4BBA5AB5-DC22-4670-B3C2-92052561B061}.Release|x86.Build.0 = Release|Win32
		{3AA57894-5486-4C57-A0EE-385443328018}.Debug|x64.ActiveCfg = Debug|x64
		{3AA57894-5486-4C57-A0EE-385443328018}.Debug|x64.Build.0 = Debug|x64
		{3AA57894-5486-4C57-A0EE-385443328018}.Debug|x86.ActiveCfg = Debug|Win32
		{3AA57894-5486-4C57-A0EE-385443328018}.Debug|x86.Build.0 = Debug|Win32
		{3AA57894-5486-4C57-A0EE-385443328018}.Release|x64.ActiveCfg = Release|x64
		{3AA57894-5486-4C57-A0EE-385443328018}.Release|x64.Build.0 = Release|x64
		{3AA57894-5486-4C57-A0EE-385443328018}.Release|x86.ActiveCfg = Release|Win32
		{3AA57894-5486-4C57-A0EE-385443328018}.Release|x86.Build.0 = Release|Win32
	EndGlobalSection
	GlobalSection(SolutionProperties) = preSolution
		HideSolutionNode = FALSE
	EndGlobalSection
	GlobalSection(ExtensibilityGlobals) = postSolution
		SolutionGuid = {1FB45AC6-ADBA-4162-985B-2C9D2026125E}
	EndGlobalSection
EndGlobal
